
Microsoft Visual Studio Solution File, Format Version 11.00
# Visual Studio 2010
Project("{8BC9CEB8-8B4A-11D0-8D11-00A0C91BC942}") = "IKDatabaseLib", "IKDatabaseLib.vcxproj", "{455F7B71-FB3F-4BC9-9F28-035DBF8AB959}"
EndProject
Project("{8BC9CEB8-8B4A-11D0-8D11-00A0C91BC942}") = "testDBLib", "..\testDBLib\testDBLib.vcxproj", "{01037048-A279-4B8D-A6EC-6B82736F26C8}"
	ProjectSection(ProjectDependencies) = postProject
		{455F7B71-FB3F-4BC9-9F28-035DBF8AB959} = {455F7B71-FB3F-4BC9-9F28-035DBF8AB959}
	EndProjectSection
EndProject
Global
	GlobalSection(SolutionConfigurationPlatforms) = preSolution
		Debug|Win32 = Debug|Win32
		Release|Win32 = Release|Win32
	EndGlobalSection
	GlobalSection(ProjectConfigurationPlatforms) = postSolution
		{455F7B71-FB3F-4BC9-9F28-035DBF8AB959}.Debug|Win32.ActiveCfg = Debug|Win32
		{455F7B71-FB3F-4BC9-9F28-035DBF8AB959}.Debug|Win32.Build.0 = Debug|Win32
		{455F7B71-FB3F-4BC9-9F28-035DBF8AB959}.Release|Win32.ActiveCfg = Release|Win32
		{455F7B71-FB3F-4BC9-9F28-035DBF8AB959}.Release|Win32.Build.0 = Release|Win32
		{01037048-A279-4B8D-A6EC-6B82736F26C8}.Debug|Win32.ActiveCfg = Debug|Win32
		{01037048-A279-4B8D-A6EC-6B82736F26C8}.Debug|Win32.Build.0 = Debug|Win32
		{01037048-A279-4B8D-A6EC-6B82736F26C8}.Release|Win32.ActiveCfg = Release|Win32
		{01037048-A279-4B8D-A6EC-6B82736F26C8}.Release|Win32.Build.0 = Release|Win32
	EndGlobalSection
	GlobalSection(SolutionProperties) = preSolution
		HideSolutionNode = FALSE
	EndGlobalSection
EndGlobal
